// !$*UTF8*$!
{
	archiveVersion = 1;
	classes = {
	};
	objectVersion = 46;
	objects = {

/* Begin PBXBuildFile section */
		6981AE0D1AE0143B0042949B /* AppDelegate.swift in Sources */ = {isa = PBXBuildFile; fileRef = 6981AE0C1AE0143B0042949B /* AppDelegate.swift */; };
		6981AE0F1AE0143B0042949B /* AddViewController.swift in Sources */ = {isa = PBXBuildFile; fileRef = 6981AE0E1AE0143B0042949B /* AddViewController.swift */; };
		6981AE121AE0143B0042949B /* Main.storyboard in Resources */ = {isa = PBXBuildFile; fileRef = 6981AE101AE0143B0042949B /* Main.storyboard */; };
		6981AE141AE0143B0042949B /* Images.xcassets in Resources */ = {isa = PBXBuildFile; fileRef = 6981AE131AE0143B0042949B /* Images.xcassets */; };
		6981AE171AE0143B0042949B /* LaunchScreen.xib in Resources */ = {isa = PBXBuildFile; fileRef = 6981AE151AE0143B0042949B /* LaunchScreen.xib */; };
		6981AE231AE0143B0042949B /* ToDoAppTests.swift in Sources */ = {isa = PBXBuildFile; fileRef = 6981AE221AE0143B0042949B /* ToDoAppTests.swift */; };
		6981AE2D1AE060320042949B /* HomeTableViewController.swift in Sources */ = {isa = PBXBuildFile; fileRef = 6981AE2C1AE060320042949B /* HomeTableViewController.swift */; };
		6981AE2F1AE060510042949B /* EditViewController.swift in Sources */ = {isa = PBXBuildFile; fileRef = 6981AE2E1AE060510042949B /* EditViewController.swift */; };
/* End PBXBuildFile section */

/* Begin PBXContainerItemProxy section */
		6981AE1D1AE0143B0042949B /* PBXContainerItemProxy */ = {
			isa = PBXContainerItemProxy;
			containerPortal = 6981ADFF1AE0143B0042949B /* Project object */;
			proxyType = 1;
			remoteGlobalIDString = 6981AE061AE0143B0042949B;
			remoteInfo = ToDoApp;
		};
/* End PBXContainerItemProxy section */

/* Begin PBXFileReference section */
		6981AE071AE0143B0042949B /* ToDoApp.app */ = {isa = PBXFileReference; explicitFileType = wrapper.application; includeInIndex = 0; path = ToDoApp.app; sourceTree = BUILT_PRODUCTS_DIR; };
		6981AE0B1AE0143B0042949B /* Info.plist */ = {isa = PBXFileReference; lastKnownFileType = text.plist.xml; path = Info.plist; sourceTree = "<group>"; };
		6981AE0C1AE0143B0042949B /* AppDelegate.swift */ = {isa = PBXFileReference; lastKnownFileType = sourcecode.swift; path = AppDelegate.swift; sourceTree = "<group>"; };
		6981AE0E1AE0143B0042949B /* AddViewController.swift */ = {isa = PBXFileReference; lastKnownFileType = sourcecode.swift; path = AddViewController.swift; sourceTree = "<group>"; };
		6981AE111AE0143B0042949B /* Base */ = {isa = PBXFileReference; lastKnownFileType = file.storyboard; name = Base; path = Base.lproj/Main.storyboard; sourceTree = "<group>"; };
		6981AE131AE0143B0042949B /* Images.xcassets */ = {isa = PBXFileReference; lastKnownFileType = folder.assetcatalog; path = Images.xcassets; sourceTree = "<group>"; };
		6981AE161AE0143B0042949B /* Base */ = {isa = PBXFileReference; lastKnownFileType = file.xib; name = Base; path = Base.lproj/LaunchScreen.xib; sourceTree = "<group>"; };
		6981AE1C1AE0143B0042949B /* ToDoAppTests.xctest */ = {isa = PBXFileReference; explicitFileType = wrapper.cfbundle; includeInIndex = 0; path = ToDoAppTests.xctest; sourceTree = BUILT_PRODUCTS_DIR; };
		6981AE211AE0143B0042949B /* Info.plist */ = {isa = PBXFileReference; lastKnownFileType = text.plist.xml; path = Info.plist; sourceTree = "<group>"; };
		6981AE221AE0143B0042949B /* ToDoAppTests.swift */ = {isa = PBXFileReference; lastKnownFileType = sourcecode.swift; path = ToDoAppTests.swift; sourceTree = "<group>"; };
		6981AE2C1AE060320042949B /* HomeTableViewController.swift */ = {isa = PBXFileReference; fileEncoding = 4; lastKnownFileType = sourcecode.swift; path = HomeTableViewController.swift; sourceTree = "<group>"; };
		6981AE2E1AE060510042949B /* EditViewController.swift */ = {isa = PBXFileReference; fileEncoding = 4; lastKnownFileType = sourcecode.swift; path = EditViewController.swift; sourceTree = "<group>"; };
/* End PBXFileReference section */

/* Begin PBXFrameworksBuildPhase section */
		6981AE041AE0143B0042949B /* Frameworks */ = {
			isa = PBXFrameworksBuildPhase;
			buildActionMask = 2147483647;
			files = (
			);
			runOnlyForDeploymentPostprocessing = 0;
		};
		6981AE191AE0143B0042949B /* Frameworks */ = {
			isa = PBXFrameworksBuildPhase;
			buildActionMask = 2147483647;
			files = (
			);
			runOnlyForDeploymentPostprocessing = 0;
		};
/* End PBXFrameworksBuildPhase section */

/* Begin PBXGroup section */
		6981ADFE1AE0143B0042949B = {
			isa = PBXGroup;
			children = (
				6981AE091AE0143B0042949B /* ToDoApp */,
				6981AE1F1AE0143B0042949B /* ToDoAppTests */,
				6981AE081AE0143B0042949B /* Products */,
			);
			sourceTree = "<group>";
		};
		6981AE081AE0143B0042949B /* Products */ = {
			isa = PBXGroup;
			children = (
				6981AE071AE0143B0042949B /* ToDoApp.app */,
				6981AE1C1AE0143B0042949B /* ToDoAppTests.xctest */,
			);
			name = Products;
			sourceTree = "<group>";
		};
		6981AE091AE0143B0042949B /* ToDoApp */ = {
			isa = PBXGroup;
			children = (
				6981AE0C1AE0143B0042949B /* AppDelegate.swift */,
				6981AE0E1AE0143B0042949B /* AddViewController.swift */,
				6981AE2C1AE060320042949B /* HomeTableViewController.swift */,
				6981AE2E1AE060510042949B /* EditViewController.swift */,
				6981AE101AE0143B0042949B /* Main.storyboard */,
				6981AE131AE0143B0042949B /* Images.xcassets */,
				6981AE151AE0143B0042949B /* LaunchScreen.xib */,
				6981AE0A1AE0143B0042949B /* Supporting Files */,
			);
			path = ToDoApp;
			sourceTree = "<group>";
		};
		6981AE0A1AE0143B0042949B /* Supporting Files */ = {
			isa = PBXGroup;
			children = (
				6981AE0B1AE0143B0042949B /* Info.plist */,
			);
			name = "Supporting Files";
			sourceTree = "<group>";
		};
		6981AE1F1AE0143B0042949B /* ToDoAppTests */ = {
			isa = PBXGroup;
			children = (
				6981AE221AE0143B0042949B /* ToDoAppTests.swift */,
				6981AE201AE0143B0042949B /* Supporting Files */,
			);
			path = ToDoAppTests;
			sourceTree = "<group>";
		};
		6981AE201AE0143B0042949B /* Supporting Files */ = {
			isa = PBXGroup;
			children = (
				6981AE211AE0143B0042949B /* Info.plist */,
			);
			name = "Supporting Files";
			sourceTree = "<group>";
		};
/* End PBXGroup section */

/* Begin PBXNativeTarget section */
		6981AE061AE0143B0042949B /* ToDoApp */ = {
			isa = PBXNativeTarget;
			buildConfigurationList = 6981AE261AE0143B0042949B /* Build configuration list for PBXNativeTarget "ToDoApp" */;
			buildPhases = (
				6981AE031AE0143B0042949B /* Sources */,
				6981AE041AE0143B0042949B /* Frameworks */,
				6981AE051AE0143B0042949B /* Resources */,
			);
			buildRules = (
			);
			dependencies = (
			);
			name = ToDoApp;
			productName = ToDoApp;
			productReference = 6981AE071AE0143B0042949B /* ToDoApp.app */;
			productType = "com.apple.product-type.application";
		};
		6981AE1B1AE0143B0042949B /* ToDoAppTests */ = {
			isa = PBXNativeTarget;
			buildConfigurationList = 6981AE291AE0143B0042949B /* Build configuration list for PBXNativeTarget "ToDoAppTests" */;
			buildPhases = (
				6981AE181AE0143B0042949B /* Sources */,
				6981AE191AE0143B0042949B /* Frameworks */,
				6981AE1A1AE0143B0042949B /* Resources */,
			);
			buildRules = (
			);
			dependencies = (
				6981AE1E1AE0143B0042949B /* PBXTargetDependency */,
			);
			name = ToDoAppTests;
			productName = ToDoAppTests;
			productReference = 6981AE1C1AE0143B0042949B /* ToDoAppTests.xctest */;
			productType = "com.apple.product-type.bundle.unit-test";
		};
/* End PBXNativeTarget section */

/* Begin PBXProject section */
		6981ADFF1AE0143B0042949B /* Project object */ = {
			isa = PBXProject;
			attributes = {
				LastUpgradeCheck = 0630;
				ORGANIZATIONNAME = "Ariane Oliveira";
				TargetAttributes = {
					6981AE061AE0143B0042949B = {
						CreatedOnToolsVersion = 6.3;
					};
					6981AE1B1AE0143B0042949B = {
						CreatedOnToolsVersion = 6.3;
						TestTargetID = 6981AE061AE0143B0042949B;
					};
				};
			};
			buildConfigurationList = 6981AE021AE0143B0042949B /* Build configuration list for PBXProject "ToDoApp" */;
			compatibilityVersion = "Xcode 3.2";
			developmentRegion = English;
			hasScannedForEncodings = 0;
			knownRegions = (
				en,
				Base,
			);
			mainGroup = 6981ADFE1AE0143B0042949B;
			productRefGroup = 6981AE081AE0143B0042949B /* Products */;
			projectDirPath = "";
			projectRoot = "";
			targets = (
				6981AE061AE0143B0042949B /* ToDoApp */,
				6981AE1B1AE0143B0042949B /* ToDoAppTests */,
			);
		};
/* End PBXProject section */

/* Begin PBXResourcesBuildPhase section */
		6981AE051AE0143B0042949B /* Resources */ = {
			isa = PBXResourcesBuildPhase;
			buildActionMask = 2147483647;
			files = (
				6981AE121AE0143B0042949B /* Main.storyboard in Resources */,
				6981AE171AE0143B0042949B /* LaunchScreen.xib in Resources */,
				6981AE141AE0143B0042949B /* Images.xcassets in Resources */,
			);
			runOnlyForDeploymentPostprocessing = 0;
		};
		6981AE1A1AE0143B0042949B /* Resources */ = {
			isa = PBXResourcesBuildPhase;
			buildActionMask = 2147483647;
			files = (
			);
			runOnlyForDeploymentPostprocessing = 0;
		};
/* End PBXResourcesBuildPhase section */

/* Begin PBXSourcesBuildPhase section */
		6981AE031AE0143B0042949B /* Sources */ = {
			isa = PBXSourcesBuildPhase;
			buildActionMask = 2147483647;
			files = (
				6981AE2F1AE060510042949B /* EditViewController.swift in Sources */,
				6981AE2D1AE060320042949B /* HomeTableViewController.swift in Sources */,
				6981AE0F1AE0143B0042949B /* AddViewController.swift in Sources */,
				6981AE0D1AE0143B0042949B /* AppDelegate.swift in Sources */,
			);
			runOnlyForDeploymentPostprocessing = 0;
		};
		6981AE181AE0143B0042949B /* Sources */ = {
			isa = PBXSourcesBuildPhase;
			buildActionMask = 2147483647;
			files = (
				6981AE231AE0143B0042949B /* ToDoAppTests.swift in Sources */,
			);
			runOnlyForDeploymentPostprocessing = 0;
		};
/* End PBXSourcesBuildPhase section */

/* Begin PBXTargetDependency section */
		6981AE1E1AE0143B0042949B /* PBXTargetDependency */ = {
			isa = PBXTargetDependency;
			target = 6981AE061AE0143B0042949B /* ToDoApp */;
			targetProxy = 6981AE1D1AE0143B0042949B /* PBXContainerItemProxy */;
		};
/* End PBXTargetDependency section */

/* Begin PBXVariantGroup section */
		6981AE101AE0143B0042949B /* Main.storyboard */ = {
			isa = PBXVariantGroup;
			children = (
				6981AE111AE0143B0042949B /* Base */,
			);
			name = Main.storyboard;
			sourceTree = "<group>";
		};
		6981AE151AE0143B0042949B /* LaunchScreen.xib */ = {
			isa = PBXVariantGroup;
			children = (
				6981AE161AE0143B0042949B /* Base */,
			);
			name = LaunchScreen.xib;
			sourceTree = "<group>";
		};
/* End PBXVariantGroup section */

/* Begin XCBuildConfiguration section */
		6981AE241AE0143B0042949B /* Debug */ = {
			isa = XCBuildConfiguration;
			buildSettings = {
				ALWAYS_SEARCH_USER_PATHS = NO;
				CLANG_CXX_LANGUAGE_STANDARD = "gnu++0x";
				CLANG_CXX_LIBRARY = "libc++";
				CLANG_ENABLE_MODULES = YES;
				CLANG_ENABLE_OBJC_ARC = YES;
				CLANG_WARN_BOOL_CONVERSION = YES;
				CLANG_WARN_CONSTANT_CONVERSION = YES;
				CLANG_WARN_DIRECT_OBJC_ISA_USAGE = YES_ERROR;
				CLANG_WARN_EMPTY_BODY = YES;
				CLANG_WARN_ENUM_CONVERSION = YES;
				CLANG_WARN_INT_CONVERSION = YES;
				CLANG_WARN_OBJC_ROOT_CLASS = YES_ERROR;
				CLANG_WARN_UNREACHABLE_CODE = YES;
				CLANG_WARN__DUPLICATE_METHOD_MATCH = YES;
				"CODE_SIGN_IDENTITY[sdk=iphoneos*]" = "iPhone Developer";
				COPY_PHASE_STRIP = NO;
				DEBUG_INFORMATION_FORMAT = "dwarf-with-dsym";
				ENABLE_STRICT_OBJC_MSGSEND = YES;
				GCC_C_LANGUAGE_STANDARD = gnu99;
				GCC_DYNAMIC_NO_PIC = NO;
				GCC_NO_COMMON_BLOCKS = YES;
				GCC_OPTIMIZATION_LEVEL = 0;
				GCC_PREPROCESSOR_DEFINITIONS = (
					"DEBUG=1",
					"$(inherited)",
				);
				GCC_SYMBOLS_PRIVATE_EXTERN = NO;
				GCC_WARN_64_TO_32_BIT_CONVERSION = YES;
				GCC_WARN_ABOUT_RETURN_TYPE = YES_ERROR;
				GCC_WARN_UNDECLARED_SELECTOR = YES;
				GCC_WARN_UNINITIALIZED_AUTOS = YES_AGGRESSIVE;
				GCC_WARN_UNUSED_FUNCTION = YES;
				GCC_WARN_UNUSED_VARIABLE = YES;
				IPHONEOS_DEPLOYMENT_TARGET = 8.3;
				MTL_ENABLE_DEBUG_INFO = YES;
				ONLY_ACTIVE_ARCH = YES;
				SDKROOT = iphoneos;
				SWIFT_OPTIMIZATION_LEVEL = "-Onone";
			};
			name = Debug;
		};
		6981AE251AE0143B0042949B /* Release */ = {
			isa = XCBuildConfiguration;
			buildSettings = {
				ALWAYS_SEARCH_USER_PATHS = NO;
				CLANG_CXX_LANGUAGE_STANDARD = "gnu++0x";
				CLANG_CXX_LIBRARY = "libc++";
				CLANG_ENABLE_MODULES = YES;
				CLANG_ENABLE_OBJC_ARC = YES;
				CLANG_WARN_BOOL_CONVERSION = YES;
				CLANG_WARN_CONSTANT_CONVERSION = YES;
				CLANG_WARN_DIRECT_OBJC_ISA_USAGE = YES_ERROR;
				CLANG_WARN_EMPTY_BODY = YES;
				CLANG_WARN_ENUM_CONVERSION = YES;
				CLANG_WARN_INT_CONVERSION = YES;
				CLANG_WARN_OBJC_ROOT_CLASS = YES_ERROR;
				CLANG_WARN_UNREACHABLE_CODE = YES;
				CLANG_WARN__DUPLICATE_METHOD_MATCH = YES;
				"CODE_SIGN_IDENTITY[sdk=iphoneos*]" = "iPhone Developer";
				COPY_PHASE_STRIP = NO;
				DEBUG_INFORMATION_FORMAT = "dwarf-with-dsym";
				ENABLE_NS_ASSERTIONS = NO;
				ENABLE_STRICT_OBJC_MSGSEND = YES;
				GCC_C_LANGUAGE_STANDARD = gnu99;
				GCC_NO_COMMON_BLOCKS = YES;
				GCC_WARN_64_TO_32_BIT_CONVERSION = YES;
				GCC_WARN_ABOUT_RETURN_TYPE = YES_ERROR;
				GCC_WARN_UNDECLARED_SELECTOR = YES;
				GCC_WARN_UNINITIALIZED_AUTOS = YES_AGGRESSIVE;
				GCC_WARN_UNUSED_FUNCTION = YES;
				GCC_WARN_UNUSED_VARIABLE = YES;
				IPHONEOS_DEPLOYMENT_TARGET = 8.3;
				MTL_ENABLE_DEBUG_INFO = NO;
				SDKROOT = iphoneos;
				VALIDATE_PRODUCT = YES;
			};
			name = Release;
		};
		6981AE271AE0143B0042949B /* Debug */ = {
			isa = XCBuildConfiguration;
			buildSettings = {
				ASSETCATALOG_COMPILER_APPICON_NAME = AppIcon;
				INFOPLIST_FILE = ToDoApp/Info.plist;
				LD_RUNPATH_SEARCH_PATHS = "$(inherited) @executable_path/Frameworks";
				PRODUCT_NAME = "$(TARGET_NAME)";
			};
			name = Debug;
		};
		6981AE281AE0143B0042949B /* Release */ = {
			isa = XCBuildConfiguration;
			buildSettings = {
				ASSETCATALOG_COMPILER_APPICON_NAME = AppIcon;
				INFOPLIST_FILE = ToDoApp/Info.plist;
				LD_RUNPATH_SEARCH_PATHS = "$(inherited) @executable_path/Frameworks";
				PRODUCT_NAME = "$(TARGET_NAME)";
			};
			name = Release;
		};
		6981AE2A1AE0143B0042949B /* Debug */ = {
			isa = XCBuildConfiguration;
			buildSettings = {
				BUNDLE_LOADER = "$(TEST_HOST)";
				FRAMEWORK_SEARCH_PATHS = (
					"$(SDKROOT)/Developer/Library/Frameworks",
					"$(inherited)",
				);
				GCC_PREPROCESSOR_DEFINITIONS = (
					"DEBUG=1",
					"$(inherited)",
				);
				INFOPLIST_FILE = ToDoAppTests/Info.plist;
				LD_RUNPATH_SEARCH_PATHS = "$(inherited) @executable_path/Frameworks @loader_path/Frameworks";
				PRODUCT_NAME = "$(TARGET_NAME)";
				TEST_HOST = "$(BUILT_PRODUCTS_DIR)/ToDoApp.app/ToDoApp";
			};
			name = Debug;
		};
		6981AE2B1AE0143B0042949B /* Release */ = {
			isa = XCBuildConfiguration;
			buildSettings = {
				BUNDLE_LOADER = "$(TEST_HOST)";
				FRAMEWORK_SEARCH_PATHS = (
					"$(SDKROOT)/Developer/Library/Frameworks",
					"$(inherited)",
				);
				INFOPLIST_FILE = ToDoAppTests/Info.plist;
				LD_RUNPATH_SEARCH_PATHS = "$(inherited) @executable_path/Frameworks @loader_path/Frameworks";
				PRODUCT_NAME = "$(TARGET_NAME)";
				TEST_HOST = "$(BUILT_PRODUCTS_DIR)/ToDoApp.app/ToDoApp";
			};
			name = Release;
		};
/* End XCBuildConfiguration section */

/* Begin XCConfigurationList section */
		6981AE021AE0143B0042949B /* Build configuration list for PBXProject "ToDoApp" */ = {
			isa = XCConfigurationList;
			buildConfigurations = (
				6981AE241AE0143B0042949B /* Debug */,
				6981AE251AE0143B0042949B /* Release */,
			);
			defaultConfigurationIsVisible = 0;
			defaultConfigurationName = Release;
		};
		6981AE261AE0143B0042949B /* Build configuration list for PBXNativeTarget "ToDoApp" */ = {
			isa = XCConfigurationList;
			buildConfigurations = (
				6981AE271AE0143B0042949B /* Debug */,
				6981AE281AE0143B0042949B /* Release */,
			);
			defaultConfigurationIsVisible = 0;
		};
		6981AE291AE0143B0042949B /* Build configuration list for PBXNativeTarget "ToDoAppTests" */ = {
			isa = XCConfigurationList;
			buildConfigurations = (
				6981AE2A1AE0143B0042949B /* Debug */,
				6981AE2B1AE0143B0042949B /* Release */,
			);
			defaultConfigurationIsVisible = 0;
		};
/* End XCConfigurationList section */
	};
	rootObject = 6981ADFF1AE0143B0042949B /* Project object */;
}
